
Microsoft Visual Studio Solution File, Format Version 12.00
# Visual Studio 15
VisualStudioVersion = 15.0.27130.2036
MinimumVisualStudioVersion = 10.0.40219.1
Project("{9092AA53-FB77-4645-B42D-1CCCA6BD08BD}") = "HTTP_Server", "HTTP_Server\HTTP_Server.njsproj", "{483A84FF-7E6A-44BB-B0DA-152EA95AAC24}"
EndProject
Global
	GlobalSection(SolutionConfigurationPlatforms) = preSolution
		Debug|Any CPU = Debug|Any CPU
		Release|Any CPU = Release|Any CPU
	EndGlobalSection
	GlobalSection(ProjectConfigurationPlatforms) = postSolution
		{483A84FF-7E6A-44BB-B0DA-152EA95AAC24}.Debug|Any CPU.ActiveCfg = Debug|Any CPU
		{483A84FF-7E6A-44BB-B0DA-152EA95AAC24}.Debug|Any CPU.Build.0 = Debug|Any CPU
		{483A84FF-7E6A-44BB-B0DA-152EA95AAC24}.Release|Any CPU.ActiveCfg = Release|Any CPU
		{483A84FF-7E6A-44BB-B0DA-152EA95AAC24}.Release|Any CPU.Build.0 = Release|Any CPU
	EndGlobalSection
	GlobalSection(SolutionProperties) = preSolution
		HideSolutionNode = FALSE
	EndGlobalSection
	GlobalSection(ExtensibilityGlobals) = postSolution
		SolutionGuid = {49690BD0-F765-4FC2-B0D0-18625A4913F8}
	EndGlobalSection
EndGlobal
